{
  "name": "community-cordova-plugin-social-sharing",
  "version": "6.3.4",
  "lockfileVersion": 3,
  "requires": true,
  "packages": {
    "": {
      "name": "community-cordova-plugin-social-sharing",
      "version": "6.3.4",
      "engines": [
        {
          "name": "cordova",
          "version": ">=3.0.0"
        }
      ],
      "license": "MIT",
      "funding": {
        "url": "https://github.com/sponsors/EYALIN"
      }
    }
  }
}
